
Microsoft Visual Studio Solution File, Format Version 12.00
# Visual Studio Version 16
VisualStudioVersion = 16.0.29519.87
MinimumVisualStudioVersion = 10.0.40219.1
Project("{9A19103F-16F7-4668-BE54-9A1E7A4F7556}") = "VizKartApp.Utility", "VizKartApp.Utility\VizKartApp.Utility.csproj", "{771CE064-AD81-4A51-8AB4-3023750BD6A6}"
EndProject
Project("{9A19103F-16F7-4668-BE54-9A1E7A4F7556}") = "VizKartApp.Models", "VizKartApp.Models\VizKartApp.Models.csproj", "{54B9A95C-5A11-4791-AC0B-952C0EB29EB9}"
EndProject
Project("{9A19103F-16F7-4668-BE54-9A1E7A4F7556}") = "VizKartApp.DataAccess", "VizKartApp.DataAccess\VizKartApp.DataAccess.csproj", "{2C450F6F-4068-416A-9017-E47CBE5F704D}"
EndProject
Project("{9A19103F-16F7-4668-BE54-9A1E7A4F7556}") = "VizKartApp", "VizKartApp\VizKartApp.csproj", "{7B8879CC-21C9-4142-AD8B-5E9AB93BA2DA}"
EndProject
Global
	GlobalSection(SolutionConfigurationPlatforms) = preSolution
		Debug|Any CPU = Debug|Any CPU
		Release|Any CPU = Release|Any CPU
	EndGlobalSection
	GlobalSection(ProjectConfigurationPlatforms) = postSolution
		{771CE064-AD81-4A51-8AB4-3023750BD6A6}.Debug|Any CPU.ActiveCfg = Debug|Any CPU
		{771CE064-AD81-4A51-8AB4-3023750BD6A6}.Debug|Any CPU.Build.0 = Debug|Any CPU
		{771CE064-AD81-4A51-8AB4-3023750BD6A6}.Release|Any CPU.ActiveCfg = Release|Any CPU
		{771CE064-AD81-4A51-8AB4-3023750BD6A6}.Release|Any CPU.Build.0 = Release|Any CPU
		{54B9A95C-5A11-4791-AC0B-952C0EB29EB9}.Debug|Any CPU.ActiveCfg = Debug|Any CPU
		{54B9A95C-5A11-4791-AC0B-952C0EB29EB9}.Debug|Any CPU.Build.0 = Debug|Any CPU
		{54B9A95C-5A11-4791-AC0B-952C0EB29EB9}.Release|Any CPU.ActiveCfg = Release|Any CPU
		{54B9A95C-5A11-4791-AC0B-952C0EB29EB9}.Release|Any CPU.Build.0 = Release|Any CPU
		{2C450F6F-4068-416A-9017-E47CBE5F704D}.Debug|Any CPU.ActiveCfg = Debug|Any CPU
		{2C450F6F-4068-416A-9017-E47CBE5F704D}.Debug|Any CPU.Build.0 = Debug|Any CPU
		{2C450F6F-4068-416A-9017-E47CBE5F704D}.Release|Any CPU.ActiveCfg = Release|Any CPU
		{2C450F6F-4068-416A-9017-E47CBE5F704D}.Release|Any CPU.Build.0 = Release|Any CPU
		{7B8879CC-21C9-4142-AD8B-5E9AB93BA2DA}.Debug|Any CPU.ActiveCfg = Debug|Any CPU
		{7B8879CC-21C9-4142-AD8B-5E9AB93BA2DA}.Debug|Any CPU.Build.0 = Debug|Any CPU
		{7B8879CC-21C9-4142-AD8B-5E9AB93BA2DA}.Release|Any CPU.ActiveCfg = Release|Any CPU
		{7B8879CC-21C9-4142-AD8B-5E9AB93BA2DA}.Release|Any CPU.Build.0 = Release|Any CPU
	EndGlobalSection
	GlobalSection(SolutionProperties) = preSolution
		HideSolutionNode = FALSE
	EndGlobalSection
	GlobalSection(ExtensibilityGlobals) = postSolution
		SolutionGuid = {DB0018A8-E36B-46BF-A8B1-1098B710707F}
	EndGlobalSection
EndGlobal
